
Microsoft Visual Studio Solution File, Format Version 12.00
# Visual Studio Version 16
VisualStudioVersion = 16.0.32228.343
MinimumVisualStudioVersion = 10.0.40219.1
Project("{9A19103F-16F7-4668-BE54-9A1E7A4F7556}") = "realstate", "realstate.csproj", "{723B1491-C55F-48EE-AFDB-382B33424609}"
EndProject
Project("{9A19103F-16F7-4668-BE54-9A1E7A4F7556}") = "realstate.dataaccess", "..\realstate.dataaccess\realstate.dataaccess.csproj", "{7E56FF7A-7957-468E-9222-71FA80E2E7F0}"
EndProject
Project("{9A19103F-16F7-4668-BE54-9A1E7A4F7556}") = "realstate.models", "..\realstate.models\realstate.models.csproj", "{42BF7B9B-427F-401D-8E20-AC2DD3DD938B}"
EndProject
Project("{9A19103F-16F7-4668-BE54-9A1E7A4F7556}") = "realstate.utility", "..\realstate.utility\realstate.utility.csproj", "{FC81A9D4-1751-48DD-825F-0A2C96B71CF9}"
EndProject
Project("{2150E333-8FDC-42A3-9474-1A3956D46DE8}") = "TODO", "TODO", "{AFE0094E-B33A-465C-BB17-88738ECD8AEB}"
EndProject
Global
	GlobalSection(SolutionConfigurationPlatforms) = preSolution
		Debug|Any CPU = Debug|Any CPU
		Release|Any CPU = Release|Any CPU
	EndGlobalSection
	GlobalSection(ProjectConfigurationPlatforms) = postSolution
		{723B1491-C55F-48EE-AFDB-382B33424609}.Debug|Any CPU.ActiveCfg = Debug|Any CPU
		{723B1491-C55F-48EE-AFDB-382B33424609}.Debug|Any CPU.Build.0 = Debug|Any CPU
		{723B1491-C55F-48EE-AFDB-382B33424609}.Release|Any CPU.ActiveCfg = Release|Any CPU
		{723B1491-C55F-48EE-AFDB-382B33424609}.Release|Any CPU.Build.0 = Release|Any CPU
		{7E56FF7A-7957-468E-9222-71FA80E2E7F0}.Debug|Any CPU.ActiveCfg = Debug|Any CPU
		{7E56FF7A-7957-468E-9222-71FA80E2E7F0}.Debug|Any CPU.Build.0 = Debug|Any CPU
		{7E56FF7A-7957-468E-9222-71FA80E2E7F0}.Release|Any CPU.ActiveCfg = Release|Any CPU
		{7E56FF7A-7957-468E-9222-71FA80E2E7F0}.Release|Any CPU.Build.0 = Release|Any CPU
		{42BF7B9B-427F-401D-8E20-AC2DD3DD938B}.Debug|Any CPU.ActiveCfg = Debug|Any CPU
		{42BF7B9B-427F-401D-8E20-AC2DD3DD938B}.Debug|Any CPU.Build.0 = Debug|Any CPU
		{42BF7B9B-427F-401D-8E20-AC2DD3DD938B}.Release|Any CPU.ActiveCfg = Release|Any CPU
		{42BF7B9B-427F-401D-8E20-AC2DD3DD938B}.Release|Any CPU.Build.0 = Release|Any CPU
		{FC81A9D4-1751-48DD-825F-0A2C96B71CF9}.Debug|Any CPU.ActiveCfg = Debug|Any CPU
		{FC81A9D4-1751-48DD-825F-0A2C96B71CF9}.Debug|Any CPU.Build.0 = Debug|Any CPU
		{FC81A9D4-1751-48DD-825F-0A2C96B71CF9}.Release|Any CPU.ActiveCfg = Release|Any CPU
		{FC81A9D4-1751-48DD-825F-0A2C96B71CF9}.Release|Any CPU.Build.0 = Release|Any CPU
	EndGlobalSection
	GlobalSection(SolutionProperties) = preSolution
		HideSolutionNode = FALSE
	EndGlobalSection
	GlobalSection(ExtensibilityGlobals) = postSolution
		SolutionGuid = {3BDA430A-8FDF-433E-BF2B-998B35570CAD}
	EndGlobalSection
EndGlobal
